
Microsoft Visual Studio Solution File, Format Version 12.00
# Visual Studio Version 16
VisualStudioVersion = 16.0.31129.286
MinimumVisualStudioVersion = 10.0.40219.1
Project("{FAE04EC0-301F-11D3-BF4B-00C04F79EFBC}") = "ShadowingHindingPrac", "ShadowingHindingPrac\ShadowingHindingPrac.csproj", "{CC49D1B8-83A6-4E08-B864-BE7CA67CA8B6}"
EndProject
Global
	GlobalSection(SolutionConfigurationPlatforms) = preSolution
		Debug|Any CPU = Debug|Any CPU
		Release|Any CPU = Release|Any CPU
	EndGlobalSection
	GlobalSection(ProjectConfigurationPlatforms) = postSolution
		{CC49D1B8-83A6-4E08-B864-BE7CA67CA8B6}.Debug|Any CPU.ActiveCfg = Debug|Any CPU
		{CC49D1B8-83A6-4E08-B864-BE7CA67CA8B6}.Debug|Any CPU.Build.0 = Debug|Any CPU
		{CC49D1B8-83A6-4E08-B864-BE7CA67CA8B6}.Release|Any CPU.ActiveCfg = Release|Any CPU
		{CC49D1B8-83A6-4E08-B864-BE7CA67CA8B6}.Release|Any CPU.Build.0 = Release|Any CPU
	EndGlobalSection
	GlobalSection(SolutionProperties) = preSolution
		HideSolutionNode = FALSE
	EndGlobalSection
	GlobalSection(ExtensibilityGlobals) = postSolution
		SolutionGuid = {EAE14D00-2E69-4DA7-8373-9939F7B742F3}
	EndGlobalSection
EndGlobal
